
Microsoft Visual Studio Solution File, Format Version 12.00
# Visual Studio Version 17
VisualStudioVersion = 17.1.32407.343
MinimumVisualStudioVersion = 10.0.40219.1
Project("{FAE04EC0-301F-11D3-BF4B-00C04F79EFBC}") = "Difficulty20", "Difficulty20.csproj", "{1F8A6B6B-EA0E-4B2F-B5D3-24A8607E4BF3}"
EndProject
Global
	GlobalSection(SolutionConfigurationPlatforms) = preSolution
		Debug|Any CPU = Debug|Any CPU
		Release|Any CPU = Release|Any CPU
	EndGlobalSection
	GlobalSection(ProjectConfigurationPlatforms) = postSolution
		{1F8A6B6B-EA0E-4B2F-B5D3-24A8607E4BF3}.Debug|Any CPU.ActiveCfg = Debug|Any CPU
		{1F8A6B6B-EA0E-4B2F-B5D3-24A8607E4BF3}.Debug|Any CPU.Build.0 = Debug|Any CPU
		{1F8A6B6B-EA0E-4B2F-B5D3-24A8607E4BF3}.Release|Any CPU.ActiveCfg = Release|Any CPU
		{1F8A6B6B-EA0E-4B2F-B5D3-24A8607E4BF3}.Release|Any CPU.Build.0 = Release|Any CPU
	EndGlobalSection
	GlobalSection(SolutionProperties) = preSolution
		HideSolutionNode = FALSE
	EndGlobalSection
	GlobalSection(ExtensibilityGlobals) = postSolution
		SolutionGuid = {6122F558-E2D3-4C71-A5D3-16DFD86933D0}
	EndGlobalSection
EndGlobal
